
Microsoft Visual Studio Solution File, Format Version 12.00
# Visual Studio Version 17
VisualStudioVersion = 17.4.33122.133
MinimumVisualStudioVersion = 10.0.40219.1
Project("{FAE04EC0-301F-11D3-BF4B-00C04F79EFBC}") = "Hydroxide Executor", "Hydroxide Executor\Hydroxide Executor.csproj", "{C8872FC4-01D4-43EE-9CA0-B5808563AD65}"
EndProject
Global
	GlobalSection(SolutionConfigurationPlatforms) = preSolution
		Debug|Any CPU = Debug|Any CPU
		Release|Any CPU = Release|Any CPU
	EndGlobalSection
	GlobalSection(ProjectConfigurationPlatforms) = postSolution
		{C8872FC4-01D4-43EE-9CA0-B5808563AD65}.Debug|Any CPU.ActiveCfg = Debug|Any CPU
		{C8872FC4-01D4-43EE-9CA0-B5808563AD65}.Debug|Any CPU.Build.0 = Debug|Any CPU
		{C8872FC4-01D4-43EE-9CA0-B5808563AD65}.Release|Any CPU.ActiveCfg = Release|Any CPU
		{C8872FC4-01D4-43EE-9CA0-B5808563AD65}.Release|Any CPU.Build.0 = Release|Any CPU
	EndGlobalSection
	GlobalSection(SolutionProperties) = preSolution
		HideSolutionNode = FALSE
	EndGlobalSection
	GlobalSection(ExtensibilityGlobals) = postSolution
		SolutionGuid = {4B9519AA-5AB1-4F9B-8B84-624E8C2E2584}
	EndGlobalSection
EndGlobal
